
Microsoft Visual Studio Solution File, Format Version 12.00
# Visual Studio 2012
Project("{FAE04EC0-301F-11D3-BF4B-00C04F79EFBC}") = "DotSerialize", "DotSerialize.csproj", "{9449735A-E7DA-4A68-8CE0-228F409829BF}"
EndProject
Project("{FAE04EC0-301F-11D3-BF4B-00C04F79EFBC}") = "DotSerializeTests", "DotSerializeTests\DotSerializeTests.csproj", "{6521DD78-C79C-4FBB-BB13-0A5284958493}"
EndProject
Global
	GlobalSection(AutomaticVersions) = postSolution
		UpdateAssemblyVersion = True
		UpdateAssemblyFileVersion = True
		UpdateAssemblyInfoVersion = True
		AssemblyVersionSettings = None.None.Increment.DayOfYearStamp
		AssemblyFileVersionSettings = None.None.Increment.DayOfYearStamp
		AssemblyInfoVersionSettings = None.None.Increment.DayOfYearStamp
		UpdateAssemblyVersion.Debug|Any CPU = True
		UpdateAssemblyFileVersion.Debug|Any CPU = True
		UpdateAssemblyInfoVersion.Debug|Any CPU = True
		AssemblyVersionSettings.Debug|Any CPU = None.None.None.DayOfYearStamp
		AssemblyFileVersionSettings.Debug|Any CPU = None.None.None.DayOfYearStamp
		AssemblyInfoVersionSettings.Debug|Any CPU = None.None.None.DayOfYearStamp
		UpdateAssemblyVersion.Release|Any CPU = True
		UpdateAssemblyFileVersion.Release|Any CPU = True
		UpdateAssemblyInfoVersion.Release|Any CPU = True
		AssemblyVersionSettings.Release|Any CPU = None.None.Increment.DayOfYearStamp
		AssemblyFileVersionSettings.Release|Any CPU = None.None.Increment.DayOfYearStamp
		AssemblyInfoVersionSettings.Release|Any CPU = None.None.Increment.DayOfYearStamp
	EndGlobalSection
	GlobalSection(MercurialSourceControlSolutionProperties) = preSolution
		SolutionIsControlled = True
		SolutionBindings = <Solution Location In Database>
	EndGlobalSection
	GlobalSection(SolutionConfigurationPlatforms) = preSolution
		Debug|Any CPU = Debug|Any CPU
		Release|Any CPU = Release|Any CPU
	EndGlobalSection
	GlobalSection(ProjectConfigurationPlatforms) = postSolution
		{9449735A-E7DA-4A68-8CE0-228F409829BF}.Debug|Any CPU.ActiveCfg = Debug|Any CPU
		{9449735A-E7DA-4A68-8CE0-228F409829BF}.Debug|Any CPU.Build.0 = Debug|Any CPU
		{9449735A-E7DA-4A68-8CE0-228F409829BF}.Release|Any CPU.ActiveCfg = Release|Any CPU
		{9449735A-E7DA-4A68-8CE0-228F409829BF}.Release|Any CPU.Build.0 = Release|Any CPU
		{6521DD78-C79C-4FBB-BB13-0A5284958493}.Debug|Any CPU.ActiveCfg = Debug|Any CPU
		{6521DD78-C79C-4FBB-BB13-0A5284958493}.Debug|Any CPU.Build.0 = Debug|Any CPU
		{6521DD78-C79C-4FBB-BB13-0A5284958493}.Release|Any CPU.ActiveCfg = Release|Any CPU
		{6521DD78-C79C-4FBB-BB13-0A5284958493}.Release|Any CPU.Build.0 = Release|Any CPU
	EndGlobalSection
	GlobalSection(SolutionProperties) = preSolution
		HideSolutionNode = FALSE
	EndGlobalSection
EndGlobal
